# This file was autogenerated by Stack.
# You should not edit this file by hand.
# For more information, please see the documentation at:
#   https://docs.haskellstack.org/en/stable/topics/lock_files

packages: []
snapshots:
- completed:
    sha256: 89aa027309d6a145c633757875635356d0c5033a68702e04027e271c74f252f9
    size: 652313
    url: https://raw.githubusercontent.com/commercialhaskell/stackage-snapshots/master/nightly/2025/2/8.yaml
  original: nightly-2025-02-08
